// !$*UTF8*$!
{
	archiveVersion = 1;
	classes = {
	};
	objectVersion = 46;
	objects = {

/* Begin PBXBuildFile section */
		7FF99D2023632D6200D970D8 /* Cocoa.framework in Frameworks */ = {isa = PBXBuildFile; fileRef = 7FF99D1F23632D6200D970D8 /* Cocoa.framework */; };
		7FF99D2223632D7F00D970D8 /* IOKit.framework in Frameworks */ = {isa = PBXBuildFile; fileRef = 7FF99D2123632D7F00D970D8 /* IOKit.framework */; };
		7FF99D2623632E8B00D970D8 /* ShaderTools.cpp in Sources */ = {isa = PBXBuildFile; fileRef = 7FF99D2423632E8B00D970D8 /* ShaderTools.cpp */; };
		7FF99D2923632EE300D970D8 /* MyRenderer.cpp in Sources */ = {isa = PBXBuildFile; fileRef = 7FF99D2723632EE300D970D8 /* MyRenderer.cpp */; };
		7FF99D2B2363324D00D970D8 /* OpenGL.framework in Frameworks */ = {isa = PBXBuildFile; fileRef = C28646C717742CAB0091BD11 /* OpenGL.framework */; };
		7FF99D2D2363326C00D970D8 /* CoreVideo.framework in Frameworks */ = {isa = PBXBuildFile; fileRef = 7FF99D2C2363326C00D970D8 /* CoreVideo.framework */; };
		7FF99D342363379300D970D8 /* libglfw.3.dylib in Frameworks */ = {isa = PBXBuildFile; fileRef = 7FF99D332363379300D970D8 /* libglfw.3.dylib */; };
		7FF99D352363379300D970D8 /* libglfw.3.dylib in Embed Libraries */ = {isa = PBXBuildFile; fileRef = 7FF99D332363379300D970D8 /* libglfw.3.dylib */; settings = {ATTRIBUTES = (CodeSignOnCopy, ); }; };
		C28646BF17742C9A0091BD11 /* main.cpp in Sources */ = {isa = PBXBuildFile; fileRef = C28646BE17742C9A0091BD11 /* main.cpp */; };
/* End PBXBuildFile section */

/* Begin PBXCopyFilesBuildPhase section */
		7FF99D312363329500D970D8 /* Embed Libraries */ = {
			isa = PBXCopyFilesBuildPhase;
			buildActionMask = 2147483647;
			dstPath = "";
			dstSubfolderSpec = 10;
			files = (
				7FF99D352363379300D970D8 /* libglfw.3.dylib in Embed Libraries */,
			);
			name = "Embed Libraries";
			runOnlyForDeploymentPostprocessing = 0;
		};
		C28646B917742C9A0091BD11 /* CopyFiles */ = {
			isa = PBXCopyFilesBuildPhase;
			buildActionMask = 2147483647;
			dstPath = /usr/share/man/man1/;
			dstSubfolderSpec = 0;
			files = (
			);
			runOnlyForDeploymentPostprocessing = 1;
		};
/* End PBXCopyFilesBuildPhase section */

/* Begin PBXFileReference section */
		7FF99D1C23632CFD00D970D8 /* GLFW */ = {isa = PBXFileReference; lastKnownFileType = folder; name = GLFW; path = HelloTriangle/GLFW; sourceTree = "<group>"; };
		7FF99D1F23632D6200D970D8 /* Cocoa.framework */ = {isa = PBXFileReference; lastKnownFileType = wrapper.framework; name = Cocoa.framework; path = System/Library/Frameworks/Cocoa.framework; sourceTree = SDKROOT; };
		7FF99D2123632D7F00D970D8 /* IOKit.framework */ = {isa = PBXFileReference; lastKnownFileType = wrapper.framework; name = IOKit.framework; path = System/Library/Frameworks/IOKit.framework; sourceTree = SDKROOT; };
		7FF99D2423632E8B00D970D8 /* ShaderTools.cpp */ = {isa = PBXFileReference; lastKnownFileType = sourcecode.cpp.cpp; path = ShaderTools.cpp; sourceTree = "<group>"; };
		7FF99D2523632E8B00D970D8 /* ShaderTools.hpp */ = {isa = PBXFileReference; lastKnownFileType = sourcecode.cpp.h; path = ShaderTools.hpp; sourceTree = "<group>"; };
		7FF99D2723632EE300D970D8 /* MyRenderer.cpp */ = {isa = PBXFileReference; lastKnownFileType = sourcecode.cpp.cpp; path = MyRenderer.cpp; sourceTree = "<group>"; };
		7FF99D2823632EE300D970D8 /* MyRenderer.hpp */ = {isa = PBXFileReference; lastKnownFileType = sourcecode.cpp.h; path = MyRenderer.hpp; sourceTree = "<group>"; };
		7FF99D2C2363326C00D970D8 /* CoreVideo.framework */ = {isa = PBXFileReference; lastKnownFileType = wrapper.framework; name = CoreVideo.framework; path = System/Library/Frameworks/CoreVideo.framework; sourceTree = SDKROOT; };
		7FF99D322363342700D970D8 /* libglfw3.a */ = {isa = PBXFileReference; lastKnownFileType = archive.ar; name = libglfw3.a; path = HelloTriangle/libglfw3.a; sourceTree = "<group>"; };
		7FF99D332363379300D970D8 /* libglfw.3.dylib */ = {isa = PBXFileReference; lastKnownFileType = "compiled.mach-o.dylib"; name = libglfw.3.dylib; path = HelloTriangle/libglfw.3.dylib; sourceTree = "<group>"; };
		C21CD5CB1775EC6300345405 /* fragment.frag */ = {isa = PBXFileReference; fileEncoding = 4; lastKnownFileType = sourcecode.glsl; path = fragment.frag; sourceTree = "<group>"; };
		C21CD5CC1775EC6300345405 /* hello.vert */ = {isa = PBXFileReference; fileEncoding = 4; lastKnownFileType = sourcecode.glsl; path = hello.vert; sourceTree = "<group>"; };
		C25A99891774AD56007EDDEE /* Colored.frag */ = {isa = PBXFileReference; fileEncoding = 4; lastKnownFileType = sourcecode.glsl; path = Colored.frag; sourceTree = "<group>"; };
		C25A998A1774AD56007EDDEE /* Colored.vert */ = {isa = PBXFileReference; fileEncoding = 4; lastKnownFileType = sourcecode.glsl; path = Colored.vert; sourceTree = "<group>"; };
		C28646BB17742C9A0091BD11 /* HelloTriangle */ = {isa = PBXFileReference; explicitFileType = "compiled.mach-o.executable"; includeInIndex = 0; path = HelloTriangle; sourceTree = BUILT_PRODUCTS_DIR; };
		C28646BE17742C9A0091BD11 /* main.cpp */ = {isa = PBXFileReference; lastKnownFileType = sourcecode.cpp.cpp; path = main.cpp; sourceTree = "<group>"; };
		C28646C717742CAB0091BD11 /* OpenGL.framework */ = {isa = PBXFileReference; lastKnownFileType = wrapper.framework; name = OpenGL.framework; path = System/Library/Frameworks/OpenGL.framework; sourceTree = SDKROOT; };
/* End PBXFileReference section */

/* Begin PBXFrameworksBuildPhase section */
		C28646B817742C9A0091BD11 /* Frameworks */ = {
			isa = PBXFrameworksBuildPhase;
			buildActionMask = 2147483647;
			files = (
				7FF99D2023632D6200D970D8 /* Cocoa.framework in Frameworks */,
				7FF99D2B2363324D00D970D8 /* OpenGL.framework in Frameworks */,
				7FF99D2223632D7F00D970D8 /* IOKit.framework in Frameworks */,
				7FF99D342363379300D970D8 /* libglfw.3.dylib in Frameworks */,
				7FF99D2D2363326C00D970D8 /* CoreVideo.framework in Frameworks */,
			);
			runOnlyForDeploymentPostprocessing = 0;
		};
/* End PBXFrameworksBuildPhase section */

/* Begin PBXGroup section */
		7FF99D1D23632D3700D970D8 /* Frameworks */ = {
			isa = PBXGroup;
			children = (
				7FF99D332363379300D970D8 /* libglfw.3.dylib */,
				7FF99D322363342700D970D8 /* libglfw3.a */,
				7FF99D2C2363326C00D970D8 /* CoreVideo.framework */,
				7FF99D2123632D7F00D970D8 /* IOKit.framework */,
				7FF99D1F23632D6200D970D8 /* Cocoa.framework */,
			);
			name = Frameworks;
			sourceTree = "<group>";
		};
		C28646B217742C9A0091BD11 = {
			isa = PBXGroup;
			children = (
				7FF99D1C23632CFD00D970D8 /* GLFW */,
				C28646CB17742CB70091BD11 /* Lib */,
				C28646BD17742C9A0091BD11 /* HelloTriangle */,
				C28646BC17742C9A0091BD11 /* Products */,
				7FF99D1D23632D3700D970D8 /* Frameworks */,
			);
			sourceTree = "<group>";
		};
		C28646BC17742C9A0091BD11 /* Products */ = {
			isa = PBXGroup;
			children = (
				C28646BB17742C9A0091BD11 /* HelloTriangle */,
			);
			name = Products;
			sourceTree = "<group>";
		};
		C28646BD17742C9A0091BD11 /* HelloTriangle */ = {
			isa = PBXGroup;
			children = (
				C21CD5CB1775EC6300345405 /* fragment.frag */,
				C21CD5CC1775EC6300345405 /* hello.vert */,
				C25A99891774AD56007EDDEE /* Colored.frag */,
				C25A998A1774AD56007EDDEE /* Colored.vert */,
				C28646BE17742C9A0091BD11 /* main.cpp */,
				7FF99D2423632E8B00D970D8 /* ShaderTools.cpp */,
				7FF99D2523632E8B00D970D8 /* ShaderTools.hpp */,
				7FF99D2723632EE300D970D8 /* MyRenderer.cpp */,
				7FF99D2823632EE300D970D8 /* MyRenderer.hpp */,
			);
			path = HelloTriangle;
			sourceTree = "<group>";
		};
		C28646CB17742CB70091BD11 /* Lib */ = {
			isa = PBXGroup;
			children = (
				C28646C717742CAB0091BD11 /* OpenGL.framework */,
			);
			name = Lib;
			sourceTree = "<group>";
		};
/* End PBXGroup section */

/* Begin PBXNativeTarget section */
		C28646BA17742C9A0091BD11 /* HelloTriangle */ = {
			isa = PBXNativeTarget;
			buildConfigurationList = C28646C417742C9A0091BD11 /* Build configuration list for PBXNativeTarget "HelloTriangle" */;
			buildPhases = (
				C28646B717742C9A0091BD11 /* Sources */,
				C28646B817742C9A0091BD11 /* Frameworks */,
				C28646B917742C9A0091BD11 /* CopyFiles */,
				7FF99D312363329500D970D8 /* Embed Libraries */,
			);
			buildRules = (
			);
			dependencies = (
			);
			name = HelloTriangle;
			productName = HelloTriangle;
			productReference = C28646BB17742C9A0091BD11 /* HelloTriangle */;
			productType = "com.apple.product-type.tool";
		};
/* End PBXNativeTarget section */

/* Begin PBXProject section */
		C28646B317742C9A0091BD11 /* Project object */ = {
			isa = PBXProject;
			attributes = {
				LastUpgradeCheck = 1110;
				ORGANIZATIONNAME = "alfa suni";
			};
			buildConfigurationList = C28646B617742C9A0091BD11 /* Build configuration list for PBXProject "HelloTriangle" */;
			compatibilityVersion = "Xcode 3.2";
			developmentRegion = en;
			hasScannedForEncodings = 0;
			knownRegions = (
				en,
				Base,
			);
			mainGroup = C28646B217742C9A0091BD11;
			productRefGroup = C28646BC17742C9A0091BD11 /* Products */;
			projectDirPath = "";
			projectRoot = "";
			targets = (
				C28646BA17742C9A0091BD11 /* HelloTriangle */,
			);
		};
/* End PBXProject section */

/* Begin PBXSourcesBuildPhase section */
		C28646B717742C9A0091BD11 /* Sources */ = {
			isa = PBXSourcesBuildPhase;
			buildActionMask = 2147483647;
			files = (
				7FF99D2623632E8B00D970D8 /* ShaderTools.cpp in Sources */,
				C28646BF17742C9A0091BD11 /* main.cpp in Sources */,
				7FF99D2923632EE300D970D8 /* MyRenderer.cpp in Sources */,
			);
			runOnlyForDeploymentPostprocessing = 0;
		};
/* End PBXSourcesBuildPhase section */

/* Begin XCBuildConfiguration section */
		C28646C217742C9A0091BD11 /* Debug */ = {
			isa = XCBuildConfiguration;
			buildSettings = {
				ALWAYS_SEARCH_USER_PATHS = NO;
				CLANG_ANALYZER_LOCALIZABILITY_NONLOCALIZED = YES;
				CLANG_CXX_LANGUAGE_STANDARD = "gnu++0x";
				CLANG_CXX_LIBRARY = "libc++";
				CLANG_WARN_BLOCK_CAPTURE_AUTORELEASING = YES;
				CLANG_WARN_BOOL_CONVERSION = YES;
				CLANG_WARN_COMMA = YES;
				CLANG_WARN_CONSTANT_CONVERSION = YES;
				CLANG_WARN_DEPRECATED_OBJC_IMPLEMENTATIONS = YES;
				CLANG_WARN_EMPTY_BODY = YES;
				CLANG_WARN_ENUM_CONVERSION = YES;
				CLANG_WARN_INFINITE_RECURSION = YES;
				CLANG_WARN_INT_CONVERSION = YES;
				CLANG_WARN_NON_LITERAL_NULL_CONVERSION = YES;
				CLANG_WARN_OBJC_IMPLICIT_RETAIN_SELF = YES;
				CLANG_WARN_OBJC_LITERAL_CONVERSION = YES;
				CLANG_WARN_RANGE_LOOP_ANALYSIS = YES;
				CLANG_WARN_STRICT_PROTOTYPES = YES;
				CLANG_WARN_SUSPICIOUS_MOVE = YES;
				CLANG_WARN_UNREACHABLE_CODE = YES;
				CLANG_WARN__DUPLICATE_METHOD_MATCH = YES;
				COPY_PHASE_STRIP = NO;
				ENABLE_STRICT_OBJC_MSGSEND = YES;
				ENABLE_TESTABILITY = YES;
				GCC_C_LANGUAGE_STANDARD = gnu99;
				GCC_DYNAMIC_NO_PIC = NO;
				GCC_ENABLE_OBJC_EXCEPTIONS = YES;
				GCC_NO_COMMON_BLOCKS = YES;
				GCC_OPTIMIZATION_LEVEL = 0;
				GCC_PREPROCESSOR_DEFINITIONS = (
					"DEBUG=1",
					"$(inherited)",
				);
				GCC_SYMBOLS_PRIVATE_EXTERN = NO;
				GCC_WARN_64_TO_32_BIT_CONVERSION = YES;
				GCC_WARN_ABOUT_RETURN_TYPE = YES;
				GCC_WARN_UNDECLARED_SELECTOR = YES;
				GCC_WARN_UNINITIALIZED_AUTOS = YES;
				GCC_WARN_UNUSED_FUNCTION = YES;
				GCC_WARN_UNUSED_VARIABLE = YES;
				MACOSX_DEPLOYMENT_TARGET = 10.7;
				ONLY_ACTIVE_ARCH = YES;
				SDKROOT = macosx;
			};
			name = Debug;
		};
		C28646C317742C9A0091BD11 /* Release */ = {
			isa = XCBuildConfiguration;
			buildSettings = {
				ALWAYS_SEARCH_USER_PATHS = NO;
				CLANG_ANALYZER_LOCALIZABILITY_NONLOCALIZED = YES;
				CLANG_CXX_LANGUAGE_STANDARD = "gnu++0x";
				CLANG_CXX_LIBRARY = "libc++";
				CLANG_WARN_BLOCK_CAPTURE_AUTORELEASING = YES;
				CLANG_WARN_BOOL_CONVERSION = YES;
				CLANG_WARN_COMMA = YES;
				CLANG_WARN_CONSTANT_CONVERSION = YES;
				CLANG_WARN_DEPRECATED_OBJC_IMPLEMENTATIONS = YES;
				CLANG_WARN_EMPTY_BODY = YES;
				CLANG_WARN_ENUM_CONVERSION = YES;
				CLANG_WARN_INFINITE_RECURSION = YES;
				CLANG_WARN_INT_CONVERSION = YES;
				CLANG_WARN_NON_LITERAL_NULL_CONVERSION = YES;
				CLANG_WARN_OBJC_IMPLICIT_RETAIN_SELF = YES;
				CLANG_WARN_OBJC_LITERAL_CONVERSION = YES;
				CLANG_WARN_RANGE_LOOP_ANALYSIS = YES;
				CLANG_WARN_STRICT_PROTOTYPES = YES;
				CLANG_WARN_SUSPICIOUS_MOVE = YES;
				CLANG_WARN_UNREACHABLE_CODE = YES;
				CLANG_WARN__DUPLICATE_METHOD_MATCH = YES;
				COPY_PHASE_STRIP = YES;
				DEBUG_INFORMATION_FORMAT = "dwarf-with-dsym";
				ENABLE_STRICT_OBJC_MSGSEND = YES;
				GCC_C_LANGUAGE_STANDARD = gnu99;
				GCC_ENABLE_OBJC_EXCEPTIONS = YES;
				GCC_NO_COMMON_BLOCKS = YES;
				GCC_WARN_64_TO_32_BIT_CONVERSION = YES;
				GCC_WARN_ABOUT_RETURN_TYPE = YES;
				GCC_WARN_UNDECLARED_SELECTOR = YES;
				GCC_WARN_UNINITIALIZED_AUTOS = YES;
				GCC_WARN_UNUSED_FUNCTION = YES;
				GCC_WARN_UNUSED_VARIABLE = YES;
				MACOSX_DEPLOYMENT_TARGET = 10.7;
				SDKROOT = macosx;
			};
			name = Release;
		};
		C28646C517742C9A0091BD11 /* Debug */ = {
			isa = XCBuildConfiguration;
			buildSettings = {
				CLANG_ENABLE_OBJC_WEAK = YES;
				CODE_SIGN_IDENTITY = "-";
				LIBRARY_SEARCH_PATHS = (
					"$(inherited)",
					"$(PROJECT_DIR)/HelloTriangle",
				);
				MACOSX_DEPLOYMENT_TARGET = 10.7;
				PRODUCT_NAME = "$(TARGET_NAME)";
			};
			name = Debug;
		};
		C28646C617742C9A0091BD11 /* Release */ = {
			isa = XCBuildConfiguration;
			buildSettings = {
				CLANG_ENABLE_OBJC_WEAK = YES;
				CODE_SIGN_IDENTITY = "-";
				LIBRARY_SEARCH_PATHS = (
					"$(inherited)",
					"$(PROJECT_DIR)/HelloTriangle",
				);
				MACOSX_DEPLOYMENT_TARGET = 10.7;
				PRODUCT_NAME = "$(TARGET_NAME)";
			};
			name = Release;
		};
/* End XCBuildConfiguration section */

/* Begin XCConfigurationList section */
		C28646B617742C9A0091BD11 /* Build configuration list for PBXProject "HelloTriangle" */ = {
			isa = XCConfigurationList;
			buildConfigurations = (
				C28646C217742C9A0091BD11 /* Debug */,
				C28646C317742C9A0091BD11 /* Release */,
			);
			defaultConfigurationIsVisible = 0;
			defaultConfigurationName = Release;
		};
		C28646C417742C9A0091BD11 /* Build configuration list for PBXNativeTarget "HelloTriangle" */ = {
			isa = XCConfigurationList;
			buildConfigurations = (
				C28646C517742C9A0091BD11 /* Debug */,
				C28646C617742C9A0091BD11 /* Release */,
			);
			defaultConfigurationIsVisible = 0;
			defaultConfigurationName = Release;
		};
/* End XCConfigurationList section */
	};
	rootObject = C28646B317742C9A0091BD11 /* Project object */;
}
